// !$*UTF8*$!
{
	archiveVersion = 1;
	classes = {
	};
	objectVersion = 56;
	objects = {

/* Begin PBXBuildFile section */
		9624BFE12A0E3B40007DCFB3 /* ContentDetailView.swift in Sources */ = {isa = PBXBuildFile; fileRef = 9624BFE02A0E3B40007DCFB3 /* ContentDetailView.swift */; };
		9624BFE42A0E403B007DCFB3 /* AVKit.framework in Frameworks */ = {isa = PBXBuildFile; fileRef = 9624BFE32A0E403B007DCFB3 /* AVKit.framework */; };
		9624BFE62A0E42CE007DCFB3 /* Constants.swift in Sources */ = {isa = PBXBuildFile; fileRef = 9624BFE52A0E42CE007DCFB3 /* Constants.swift */; };
		96315B9B2A0CCFDE00064264 /* style.html in Resources */ = {isa = PBXBuildFile; fileRef = 96315B992A0CCFDE00064264 /* style.html */; };
		96315B9C2A0CCFDE00064264 /* data.json in Resources */ = {isa = PBXBuildFile; fileRef = 96315B9A2A0CCFDE00064264 /* data.json */; };
		96315B9E2A0CD2D500064264 /* Models.swift in Sources */ = {isa = PBXBuildFile; fileRef = 96315B9D2A0CD2D500064264 /* Models.swift */; };
		96683CF52A0B962300A04CCA /* ContentModel.swift in Sources */ = {isa = PBXBuildFile; fileRef = 96683CF42A0B962300A04CCA /* ContentModel.swift */; };
		969D5DCD2A0D55E90077D01E /* HomeViewRow.swift in Sources */ = {isa = PBXBuildFile; fileRef = 969D5DCC2A0D55E90077D01E /* HomeViewRow.swift */; };
		969D5DCF2A0D68BB0077D01E /* ContentView.swift in Sources */ = {isa = PBXBuildFile; fileRef = 969D5DCE2A0D68BB0077D01E /* ContentView.swift */; };
		969D5DD12A0D742D0077D01E /* ContentViewRow.swift in Sources */ = {isa = PBXBuildFile; fileRef = 969D5DD02A0D742C0077D01E /* ContentViewRow.swift */; };
		96C09B992A0B94BE00559CCA /* LearningApp.swift in Sources */ = {isa = PBXBuildFile; fileRef = 96C09B982A0B94BE00559CCA /* LearningApp.swift */; };
		96C09B9B2A0B94BE00559CCA /* HomeView.swift in Sources */ = {isa = PBXBuildFile; fileRef = 96C09B9A2A0B94BE00559CCA /* HomeView.swift */; };
		96C09B9D2A0B94BF00559CCA /* Assets.xcassets in Resources */ = {isa = PBXBuildFile; fileRef = 96C09B9C2A0B94BF00559CCA /* Assets.xcassets */; };
		96C09BA02A0B94BF00559CCA /* Preview Assets.xcassets in Resources */ = {isa = PBXBuildFile; fileRef = 96C09B9F2A0B94BF00559CCA /* Preview Assets.xcassets */; };
/* End PBXBuildFile section */

/* Begin PBXFileReference section */
		9624BFE02A0E3B40007DCFB3 /* ContentDetailView.swift */ = {isa = PBXFileReference; lastKnownFileType = sourcecode.swift; path = ContentDetailView.swift; sourceTree = "<group>"; };
		9624BFE32A0E403B007DCFB3 /* AVKit.framework */ = {isa = PBXFileReference; lastKnownFileType = wrapper.framework; name = AVKit.framework; path = System/Library/Frameworks/AVKit.framework; sourceTree = SDKROOT; };
		9624BFE52A0E42CE007DCFB3 /* Constants.swift */ = {isa = PBXFileReference; lastKnownFileType = sourcecode.swift; path = Constants.swift; sourceTree = "<group>"; };
		96315B992A0CCFDE00064264 /* style.html */ = {isa = PBXFileReference; fileEncoding = 4; lastKnownFileType = text.html; path = style.html; sourceTree = "<group>"; };
		96315B9A2A0CCFDE00064264 /* data.json */ = {isa = PBXFileReference; fileEncoding = 4; lastKnownFileType = text.json; path = data.json; sourceTree = "<group>"; };
		96315B9D2A0CD2D500064264 /* Models.swift */ = {isa = PBXFileReference; lastKnownFileType = sourcecode.swift; path = Models.swift; sourceTree = "<group>"; };
		96683CF42A0B962300A04CCA /* ContentModel.swift */ = {isa = PBXFileReference; lastKnownFileType = sourcecode.swift; path = ContentModel.swift; sourceTree = "<group>"; };
		969D5DCC2A0D55E90077D01E /* HomeViewRow.swift */ = {isa = PBXFileReference; lastKnownFileType = sourcecode.swift; path = HomeViewRow.swift; sourceTree = "<group>"; };
		969D5DCE2A0D68BB0077D01E /* ContentView.swift */ = {isa = PBXFileReference; lastKnownFileType = sourcecode.swift; path = ContentView.swift; sourceTree = "<group>"; };
		969D5DD02A0D742C0077D01E /* ContentViewRow.swift */ = {isa = PBXFileReference; lastKnownFileType = sourcecode.swift; path = ContentViewRow.swift; sourceTree = "<group>"; };
		96C09B952A0B94BE00559CCA /* LearningApp.app */ = {isa = PBXFileReference; explicitFileType = wrapper.application; includeInIndex = 0; path = LearningApp.app; sourceTree = BUILT_PRODUCTS_DIR; };
		96C09B982A0B94BE00559CCA /* LearningApp.swift */ = {isa = PBXFileReference; lastKnownFileType = sourcecode.swift; path = LearningApp.swift; sourceTree = "<group>"; };
		96C09B9A2A0B94BE00559CCA /* HomeView.swift */ = {isa = PBXFileReference; lastKnownFileType = sourcecode.swift; path = HomeView.swift; sourceTree = "<group>"; };
		96C09B9C2A0B94BF00559CCA /* Assets.xcassets */ = {isa = PBXFileReference; lastKnownFileType = folder.assetcatalog; path = Assets.xcassets; sourceTree = "<group>"; };
		96C09B9F2A0B94BF00559CCA /* Preview Assets.xcassets */ = {isa = PBXFileReference; lastKnownFileType = folder.assetcatalog; path = "Preview Assets.xcassets"; sourceTree = "<group>"; };
/* End PBXFileReference section */

/* Begin PBXFrameworksBuildPhase section */
		96C09B922A0B94BE00559CCA /* Frameworks */ = {
			isa = PBXFrameworksBuildPhase;
			buildActionMask = 2147483647;
			files = (
				9624BFE42A0E403B007DCFB3 /* AVKit.framework in Frameworks */,
			);
			runOnlyForDeploymentPostprocessing = 0;
		};
/* End PBXFrameworksBuildPhase section */

/* Begin PBXGroup section */
		9624BFE22A0E403B007DCFB3 /* Frameworks */ = {
			isa = PBXGroup;
			children = (
				9624BFE32A0E403B007DCFB3 /* AVKit.framework */,
			);
			name = Frameworks;
			sourceTree = "<group>";
		};
		96683CEF2A0B959300A04CCA /* Views */ = {
			isa = PBXGroup;
			children = (
				96C09B9A2A0B94BE00559CCA /* HomeView.swift */,
				969D5DCC2A0D55E90077D01E /* HomeViewRow.swift */,
				969D5DCE2A0D68BB0077D01E /* ContentView.swift */,
				969D5DD02A0D742C0077D01E /* ContentViewRow.swift */,
				9624BFE02A0E3B40007DCFB3 /* ContentDetailView.swift */,
			);
			path = Views;
			sourceTree = "<group>";
		};
		96683CF02A0B959B00A04CCA /* View Models */ = {
			isa = PBXGroup;
			children = (
				96683CF42A0B962300A04CCA /* ContentModel.swift */,
			);
			path = "View Models";
			sourceTree = "<group>";
		};
		96683CF12A0B95AA00A04CCA /* Models */ = {
			isa = PBXGroup;
			children = (
				96315B9D2A0CD2D500064264 /* Models.swift */,
			);
			path = Models;
			sourceTree = "<group>";
		};
		96683CF22A0B95B100A04CCA /* Resources */ = {
			isa = PBXGroup;
			children = (
				96315B9A2A0CCFDE00064264 /* data.json */,
				96315B992A0CCFDE00064264 /* style.html */,
				9624BFE52A0E42CE007DCFB3 /* Constants.swift */,
			);
			path = Resources;
			sourceTree = "<group>";
		};
		96683CF32A0B95B900A04CCA /* Helpers */ = {
			isa = PBXGroup;
			children = (
			);
			path = Helpers;
			sourceTree = "<group>";
		};
		96C09B8C2A0B94BE00559CCA = {
			isa = PBXGroup;
			children = (
				96C09B972A0B94BE00559CCA /* LearningApp */,
				96C09B962A0B94BE00559CCA /* Products */,
				9624BFE22A0E403B007DCFB3 /* Frameworks */,
			);
			sourceTree = "<group>";
		};
		96C09B962A0B94BE00559CCA /* Products */ = {
			isa = PBXGroup;
			children = (
				96C09B952A0B94BE00559CCA /* LearningApp.app */,
			);
			name = Products;
			sourceTree = "<group>";
		};
		96C09B972A0B94BE00559CCA /* LearningApp */ = {
			isa = PBXGroup;
			children = (
				96C09B982A0B94BE00559CCA /* LearningApp.swift */,
				96683CEF2A0B959300A04CCA /* Views */,
				96683CF02A0B959B00A04CCA /* View Models */,
				96683CF12A0B95AA00A04CCA /* Models */,
				96683CF22A0B95B100A04CCA /* Resources */,
				96683CF32A0B95B900A04CCA /* Helpers */,
				96C09B9C2A0B94BF00559CCA /* Assets.xcassets */,
				96C09B9E2A0B94BF00559CCA /* Preview Content */,
			);
			path = LearningApp;
			sourceTree = "<group>";
		};
		96C09B9E2A0B94BF00559CCA /* Preview Content */ = {
			isa = PBXGroup;
			children = (
				96C09B9F2A0B94BF00559CCA /* Preview Assets.xcassets */,
			);
			path = "Preview Content";
			sourceTree = "<group>";
		};
/* End PBXGroup section */

/* Begin PBXNativeTarget section */
		96C09B942A0B94BE00559CCA /* LearningApp */ = {
			isa = PBXNativeTarget;
			buildConfigurationList = 96C09BA32A0B94BF00559CCA /* Build configuration list for PBXNativeTarget "LearningApp" */;
			buildPhases = (
				96C09B912A0B94BE00559CCA /* Sources */,
				96C09B922A0B94BE00559CCA /* Frameworks */,
				96C09B932A0B94BE00559CCA /* Resources */,
			);
			buildRules = (
			);
			dependencies = (
			);
			name = LearningApp;
			productName = LearningApp;
			productReference = 96C09B952A0B94BE00559CCA /* LearningApp.app */;
			productType = "com.apple.product-type.application";
		};
/* End PBXNativeTarget section */

/* Begin PBXProject section */
		96C09B8D2A0B94BE00559CCA /* Project object */ = {
			isa = PBXProject;
			attributes = {
				BuildIndependentTargetsInParallel = 1;
				LastSwiftUpdateCheck = 1410;
				LastUpgradeCheck = 1410;
				TargetAttributes = {
					96C09B942A0B94BE00559CCA = {
						CreatedOnToolsVersion = 14.1;
					};
				};
			};
			buildConfigurationList = 96C09B902A0B94BE00559CCA /* Build configuration list for PBXProject "LearningApp" */;
			compatibilityVersion = "Xcode 14.0";
			developmentRegion = en;
			hasScannedForEncodings = 0;
			knownRegions = (
				en,
				Base,
			);
			mainGroup = 96C09B8C2A0B94BE00559CCA;
			productRefGroup = 96C09B962A0B94BE00559CCA /* Products */;
			projectDirPath = "";
			projectRoot = "";
			targets = (
				96C09B942A0B94BE00559CCA /* LearningApp */,
			);
		};
/* End PBXProject section */

/* Begin PBXResourcesBuildPhase section */
		96C09B932A0B94BE00559CCA /* Resources */ = {
			isa = PBXResourcesBuildPhase;
			buildActionMask = 2147483647;
			files = (
				96315B9B2A0CCFDE00064264 /* style.html in Resources */,
				96C09BA02A0B94BF00559CCA /* Preview Assets.xcassets in Resources */,
				96C09B9D2A0B94BF00559CCA /* Assets.xcassets in Resources */,
				96315B9C2A0CCFDE00064264 /* data.json in Resources */,
			);
			runOnlyForDeploymentPostprocessing = 0;
		};
/* End PBXResourcesBuildPhase section */

/* Begin PBXSourcesBuildPhase section */
		96C09B912A0B94BE00559CCA /* Sources */ = {
			isa = PBXSourcesBuildPhase;
			buildActionMask = 2147483647;
			files = (
				96C09B9B2A0B94BE00559CCA /* HomeView.swift in Sources */,
				969D5DCD2A0D55E90077D01E /* HomeViewRow.swift in Sources */,
				969D5DCF2A0D68BB0077D01E /* ContentView.swift in Sources */,
				9624BFE12A0E3B40007DCFB3 /* ContentDetailView.swift in Sources */,
				96C09B992A0B94BE00559CCA /* LearningApp.swift in Sources */,
				969D5DD12A0D742D0077D01E /* ContentViewRow.swift in Sources */,
				96683CF52A0B962300A04CCA /* ContentModel.swift in Sources */,
				96315B9E2A0CD2D500064264 /* Models.swift in Sources */,
				9624BFE62A0E42CE007DCFB3 /* Constants.swift in Sources */,
			);
			runOnlyForDeploymentPostprocessing = 0;
		};
/* End PBXSourcesBuildPhase section */

/* Begin XCBuildConfiguration section */
		96C09BA12A0B94BF00559CCA /* Debug */ = {
			isa = XCBuildConfiguration;
			buildSettings = {
				ALWAYS_SEARCH_USER_PATHS = NO;
				CLANG_ANALYZER_NONNULL = YES;
				CLANG_ANALYZER_NUMBER_OBJECT_CONVERSION = YES_AGGRESSIVE;
				CLANG_CXX_LANGUAGE_STANDARD = "gnu++20";
				CLANG_ENABLE_MODULES = YES;
				CLANG_ENABLE_OBJC_ARC = YES;
				CLANG_ENABLE_OBJC_WEAK = YES;
				CLANG_WARN_BLOCK_CAPTURE_AUTORELEASING = YES;
				CLANG_WARN_BOOL_CONVERSION = YES;
				CLANG_WARN_COMMA = YES;
				CLANG_WARN_CONSTANT_CONVERSION = YES;
				CLANG_WARN_DEPRECATED_OBJC_IMPLEMENTATIONS = YES;
				CLANG_WARN_DIRECT_OBJC_ISA_USAGE = YES_ERROR;
				CLANG_WARN_DOCUMENTATION_COMMENTS = YES;
				CLANG_WARN_EMPTY_BODY = YES;
				CLANG_WARN_ENUM_CONVERSION = YES;
				CLANG_WARN_INFINITE_RECURSION = YES;
				CLANG_WARN_INT_CONVERSION = YES;
				CLANG_WARN_NON_LITERAL_NULL_CONVERSION = YES;
				CLANG_WARN_OBJC_IMPLICIT_RETAIN_SELF = YES;
				CLANG_WARN_OBJC_LITERAL_CONVERSION = YES;
				CLANG_WARN_OBJC_ROOT_CLASS = YES_ERROR;
				CLANG_WARN_QUOTED_INCLUDE_IN_FRAMEWORK_HEADER = YES;
				CLANG_WARN_RANGE_LOOP_ANALYSIS = YES;
				CLANG_WARN_STRICT_PROTOTYPES = YES;
				CLANG_WARN_SUSPICIOUS_MOVE = YES;
				CLANG_WARN_UNGUARDED_AVAILABILITY = YES_AGGRESSIVE;
				CLANG_WARN_UNREACHABLE_CODE = YES;
				CLANG_WARN__DUPLICATE_METHOD_MATCH = YES;
				COPY_PHASE_STRIP = NO;
				DEBUG_INFORMATION_FORMAT = dwarf;
				ENABLE_STRICT_OBJC_MSGSEND = YES;
				ENABLE_TESTABILITY = YES;
				GCC_C_LANGUAGE_STANDARD = gnu11;
				GCC_DYNAMIC_NO_PIC = NO;
				GCC_NO_COMMON_BLOCKS = YES;
				GCC_OPTIMIZATION_LEVEL = 0;
				GCC_PREPROCESSOR_DEFINITIONS = (
					"DEBUG=1",
					"$(inherited)",
				);
				GCC_WARN_64_TO_32_BIT_CONVERSION = YES;
				GCC_WARN_ABOUT_RETURN_TYPE = YES_ERROR;
				GCC_WARN_UNDECLARED_SELECTOR = YES;
				GCC_WARN_UNINITIALIZED_AUTOS = YES_AGGRESSIVE;
				GCC_WARN_UNUSED_FUNCTION = YES;
				GCC_WARN_UNUSED_VARIABLE = YES;
				IPHONEOS_DEPLOYMENT_TARGET = 16.1;
				MTL_ENABLE_DEBUG_INFO = INCLUDE_SOURCE;
				MTL_FAST_MATH = YES;
				ONLY_ACTIVE_ARCH = YES;
				SDKROOT = iphoneos;
				SWIFT_ACTIVE_COMPILATION_CONDITIONS = DEBUG;
				SWIFT_OPTIMIZATION_LEVEL = "-Onone";
			};
			name = Debug;
		};
		96C09BA22A0B94BF00559CCA /* Release */ = {
			isa = XCBuildConfiguration;
			buildSettings = {
				ALWAYS_SEARCH_USER_PATHS = NO;
				CLANG_ANALYZER_NONNULL = YES;
				CLANG_ANALYZER_NUMBER_OBJECT_CONVERSION = YES_AGGRESSIVE;
				CLANG_CXX_LANGUAGE_STANDARD = "gnu++20";
				CLANG_ENABLE_MODULES = YES;
				CLANG_ENABLE_OBJC_ARC = YES;
				CLANG_ENABLE_OBJC_WEAK = YES;
				CLANG_WARN_BLOCK_CAPTURE_AUTORELEASING = YES;
				CLANG_WARN_BOOL_CONVERSION = YES;
				CLANG_WARN_COMMA = YES;
				CLANG_WARN_CONSTANT_CONVERSION = YES;
				CLANG_WARN_DEPRECATED_OBJC_IMPLEMENTATIONS = YES;
				CLANG_WARN_DIRECT_OBJC_ISA_USAGE = YES_ERROR;
				CLANG_WARN_DOCUMENTATION_COMMENTS = YES;
				CLANG_WARN_EMPTY_BODY = YES;
				CLANG_WARN_ENUM_CONVERSION = YES;
				CLANG_WARN_INFINITE_RECURSION = YES;
				CLANG_WARN_INT_CONVERSION = YES;
				CLANG_WARN_NON_LITERAL_NULL_CONVERSION = YES;
				CLANG_WARN_OBJC_IMPLICIT_RETAIN_SELF = YES;
				CLANG_WARN_OBJC_LITERAL_CONVERSION = YES;
				CLANG_WARN_OBJC_ROOT_CLASS = YES_ERROR;
				CLANG_WARN_QUOTED_INCLUDE_IN_FRAMEWORK_HEADER = YES;
				CLANG_WARN_RANGE_LOOP_ANALYSIS = YES;
				CLANG_WARN_STRICT_PROTOTYPES = YES;
				CLANG_WARN_SUSPICIOUS_MOVE = YES;
				CLANG_WARN_UNGUARDED_AVAILABILITY = YES_AGGRESSIVE;
				CLANG_WARN_UNREACHABLE_CODE = YES;
				CLANG_WARN__DUPLICATE_METHOD_MATCH = YES;
				COPY_PHASE_STRIP = NO;
				DEBUG_INFORMATION_FORMAT = "dwarf-with-dsym";
				ENABLE_NS_ASSERTIONS = NO;
				ENABLE_STRICT_OBJC_MSGSEND = YES;
				GCC_C_LANGUAGE_STANDARD = gnu11;
				GCC_NO_COMMON_BLOCKS = YES;
				GCC_WARN_64_TO_32_BIT_CONVERSION = YES;
				GCC_WARN_ABOUT_RETURN_TYPE = YES_ERROR;
				GCC_WARN_UNDECLARED_SELECTOR = YES;
				GCC_WARN_UNINITIALIZED_AUTOS = YES_AGGRESSIVE;
				GCC_WARN_UNUSED_FUNCTION = YES;
				GCC_WARN_UNUSED_VARIABLE = YES;
				IPHONEOS_DEPLOYMENT_TARGET = 16.1;
				MTL_ENABLE_DEBUG_INFO = NO;
				MTL_FAST_MATH = YES;
				SDKROOT = iphoneos;
				SWIFT_COMPILATION_MODE = wholemodule;
				SWIFT_OPTIMIZATION_LEVEL = "-O";
				VALIDATE_PRODUCT = YES;
			};
			name = Release;
		};
		96C09BA42A0B94BF00559CCA /* Debug */ = {
			isa = XCBuildConfiguration;
			buildSettings = {
				ASSETCATALOG_COMPILER_APPICON_NAME = AppIcon;
				ASSETCATALOG_COMPILER_GLOBAL_ACCENT_COLOR_NAME = AccentColor;
				CODE_SIGN_STYLE = Automatic;
				CURRENT_PROJECT_VERSION = 1;
				DEVELOPMENT_ASSET_PATHS = "\"LearningApp/Preview Content\"";
				ENABLE_PREVIEWS = YES;
				GENERATE_INFOPLIST_FILE = YES;
				INFOPLIST_KEY_UIApplicationSceneManifest_Generation = YES;
				INFOPLIST_KEY_UIApplicationSupportsIndirectInputEvents = YES;
				INFOPLIST_KEY_UILaunchScreen_Generation = YES;
				INFOPLIST_KEY_UISupportedInterfaceOrientations_iPad = "UIInterfaceOrientationPortrait UIInterfaceOrientationPortraitUpsideDown UIInterfaceOrientationLandscapeLeft UIInterfaceOrientationLandscapeRight";
				INFOPLIST_KEY_UISupportedInterfaceOrientations_iPhone = "UIInterfaceOrientationPortrait UIInterfaceOrientationLandscapeLeft UIInterfaceOrientationLandscapeRight";
				LD_RUNPATH_SEARCH_PATHS = (
					"$(inherited)",
					"@executable_path/Frameworks",
				);
				MARKETING_VERSION = 1.0;
				PRODUCT_BUNDLE_IDENTIFIER = com.ecitccrp.LearningApp;
				PRODUCT_NAME = "$(TARGET_NAME)";
				SWIFT_EMIT_LOC_STRINGS = YES;
				SWIFT_VERSION = 5.0;
				TARGETED_DEVICE_FAMILY = "1,2";
			};
			name = Debug;
		};
		96C09BA52A0B94BF00559CCA /* Release */ = {
			isa = XCBuildConfiguration;
			buildSettings = {
				ASSETCATALOG_COMPILER_APPICON_NAME = AppIcon;
				ASSETCATALOG_COMPILER_GLOBAL_ACCENT_COLOR_NAME = AccentColor;
				CODE_SIGN_STYLE = Automatic;
				CURRENT_PROJECT_VERSION = 1;
				DEVELOPMENT_ASSET_PATHS = "\"LearningApp/Preview Content\"";
				ENABLE_PREVIEWS = YES;
				GENERATE_INFOPLIST_FILE = YES;
				INFOPLIST_KEY_UIApplicationSceneManifest_Generation = YES;
				INFOPLIST_KEY_UIApplicationSupportsIndirectInputEvents = YES;
				INFOPLIST_KEY_UILaunchScreen_Generation = YES;
				INFOPLIST_KEY_UISupportedInterfaceOrientations_iPad = "UIInterfaceOrientationPortrait UIInterfaceOrientationPortraitUpsideDown UIInterfaceOrientationLandscapeLeft UIInterfaceOrientationLandscapeRight";
				INFOPLIST_KEY_UISupportedInterfaceOrientations_iPhone = "UIInterfaceOrientationPortrait UIInterfaceOrientationLandscapeLeft UIInterfaceOrientationLandscapeRight";
				LD_RUNPATH_SEARCH_PATHS = (
					"$(inherited)",
					"@executable_path/Frameworks",
				);
				MARKETING_VERSION = 1.0;
				PRODUCT_BUNDLE_IDENTIFIER = com.ecitccrp.LearningApp;
				PRODUCT_NAME = "$(TARGET_NAME)";
				SWIFT_EMIT_LOC_STRINGS = YES;
				SWIFT_VERSION = 5.0;
				TARGETED_DEVICE_FAMILY = "1,2";
			};
			name = Release;
		};
/* End XCBuildConfiguration section */

/* Begin XCConfigurationList section */
		96C09B902A0B94BE00559CCA /* Build configuration list for PBXProject "LearningApp" */ = {
			isa = XCConfigurationList;
			buildConfigurations = (
				96C09BA12A0B94BF00559CCA /* Debug */,
				96C09BA22A0B94BF00559CCA /* Release */,
			);
			defaultConfigurationIsVisible = 0;
			defaultConfigurationName = Release;
		};
		96C09BA32A0B94BF00559CCA /* Build configuration list for PBXNativeTarget "LearningApp" */ = {
			isa = XCConfigurationList;
			buildConfigurations = (
				96C09BA42A0B94BF00559CCA /* Debug */,
				96C09BA52A0B94BF00559CCA /* Release */,
			);
			defaultConfigurationIsVisible = 0;
			defaultConfigurationName = Release;
		};
/* End XCConfigurationList section */
	};
	rootObject = 96C09B8D2A0B94BE00559CCA /* Project object */;
}
